# This file is automatically @generated by Cargo.
# It is not intended for manual editing.
version = 3

[[package]]
name = "bitflags"
version = "1.3.2"
source = "registry+https://github.com/rust-lang/crates.io-index"
checksum = "bef38d45163c2f1dde094a7dfd33ccf595c92905c8f8f4fdc18d06fb1037718a"

[[package]]
name = "bootloader"
version = "0.9.19"
source = "registry+https://github.com/rust-lang/crates.io-index"
checksum = "b7c452074efc3c0bfb241fb7bc87df04741c7c85e926f6a07c05f8fbd6008240"

[[package]]
name = "os"
version = "0.1.0"
dependencies = [
 "bitflags",
 "bootloader",
 "x86_64",
]

[[package]]
name = "x86_64"
version = "0.1.0"
